// !$*UTF8*$!
{
	archiveVersion = 1;
	classes = {
	};
	objectVersion = 46;
	objects = {

/* Begin PBXBuildFile section */
		6757FB171E4BA0C800311526 /* PotatoWinnerViewController.swift in Sources */ = {isa = PBXBuildFile; fileRef = 6757FB161E4BA0C800311526 /* PotatoWinnerViewController.swift */; };
		67A1A5B11E491BF400FAD140 /* AppDelegate.swift in Sources */ = {isa = PBXBuildFile; fileRef = 67A1A5B01E491BF400FAD140 /* AppDelegate.swift */; };
		67A1A5B31E491BF400FAD140 /* ViewController.swift in Sources */ = {isa = PBXBuildFile; fileRef = 67A1A5B21E491BF400FAD140 /* ViewController.swift */; };
		67A1A5B61E491BF400FAD140 /* Main.storyboard in Resources */ = {isa = PBXBuildFile; fileRef = 67A1A5B41E491BF400FAD140 /* Main.storyboard */; };
		67A1A5B81E491BF400FAD140 /* Assets.xcassets in Resources */ = {isa = PBXBuildFile; fileRef = 67A1A5B71E491BF400FAD140 /* Assets.xcassets */; };
		67CD998F1E4A6CF30009BDFC /* GamesCollectionViewCell.swift in Sources */ = {isa = PBXBuildFile; fileRef = 67CD998E1E4A6CF30009BDFC /* GamesCollectionViewCell.swift */; };
		67CD99911E4A72E80009BDFC /* PotatoViewController.swift in Sources */ = {isa = PBXBuildFile; fileRef = 67CD99901E4A72E80009BDFC /* PotatoViewController.swift */; };
		67CD99931E4A74810009BDFC /* TutorialViewController.swift in Sources */ = {isa = PBXBuildFile; fileRef = 67CD99921E4A74810009BDFC /* TutorialViewController.swift */; };
		67CD99951E4A77F80009BDFC /* CharacterSelectViewController.swift in Sources */ = {isa = PBXBuildFile; fileRef = 67CD99941E4A77F80009BDFC /* CharacterSelectViewController.swift */; };
		67CD99971E4A78230009BDFC /* CharactersCollectionViewCell.swift in Sources */ = {isa = PBXBuildFile; fileRef = 67CD99961E4A78230009BDFC /* CharactersCollectionViewCell.swift */; };
		67CD99991E4A7A4E0009BDFC /* PotatoGameViewController.swift in Sources */ = {isa = PBXBuildFile; fileRef = 67CD99981E4A7A4E0009BDFC /* PotatoGameViewController.swift */; };
		B43547441E524F050063F3B5 /* 01.mp3 in Resources */ = {isa = PBXBuildFile; fileRef = B43547411E524F050063F3B5 /* 01.mp3 */; };
		B43547451E524F050063F3B5 /* 02.mp3 in Resources */ = {isa = PBXBuildFile; fileRef = B43547421E524F050063F3B5 /* 02.mp3 */; };
		B43547461E524F050063F3B5 /* 03.mp3 in Resources */ = {isa = PBXBuildFile; fileRef = B43547431E524F050063F3B5 /* 03.mp3 */; };
		B47FDC1F1E4BAA9800C0E026 /* PotatoAddPlayerCollectionViewCell.swift in Sources */ = {isa = PBXBuildFile; fileRef = B47FDC1E1E4BAA9800C0E026 /* PotatoAddPlayerCollectionViewCell.swift */; };
/* End PBXBuildFile section */

/* Begin PBXFileReference section */
		6757FB161E4BA0C800311526 /* PotatoWinnerViewController.swift */ = {isa = PBXFileReference; fileEncoding = 4; lastKnownFileType = sourcecode.swift; path = PotatoWinnerViewController.swift; sourceTree = "<group>"; };
		67A1A5AD1E491BF400FAD140 /* Roomer.app */ = {isa = PBXFileReference; explicitFileType = wrapper.application; includeInIndex = 0; path = Roomer.app; sourceTree = BUILT_PRODUCTS_DIR; };
		67A1A5B01E491BF400FAD140 /* AppDelegate.swift */ = {isa = PBXFileReference; lastKnownFileType = sourcecode.swift; path = AppDelegate.swift; sourceTree = "<group>"; };
		67A1A5B21E491BF400FAD140 /* ViewController.swift */ = {isa = PBXFileReference; lastKnownFileType = sourcecode.swift; path = ViewController.swift; sourceTree = "<group>"; };
		67A1A5B51E491BF400FAD140 /* Base */ = {isa = PBXFileReference; lastKnownFileType = file.storyboard; name = Base; path = Base.lproj/Main.storyboard; sourceTree = "<group>"; };
		67A1A5B71E491BF400FAD140 /* Assets.xcassets */ = {isa = PBXFileReference; lastKnownFileType = folder.assetcatalog; path = Assets.xcassets; sourceTree = "<group>"; };
		67A1A5B91E491BF400FAD140 /* Info.plist */ = {isa = PBXFileReference; lastKnownFileType = text.plist.xml; path = Info.plist; sourceTree = "<group>"; };
		67CD998E1E4A6CF30009BDFC /* GamesCollectionViewCell.swift */ = {isa = PBXFileReference; fileEncoding = 4; lastKnownFileType = sourcecode.swift; path = GamesCollectionViewCell.swift; sourceTree = "<group>"; };
		67CD99901E4A72E80009BDFC /* PotatoViewController.swift */ = {isa = PBXFileReference; fileEncoding = 4; lastKnownFileType = sourcecode.swift; path = PotatoViewController.swift; sourceTree = "<group>"; };
		67CD99921E4A74810009BDFC /* TutorialViewController.swift */ = {isa = PBXFileReference; fileEncoding = 4; lastKnownFileType = sourcecode.swift; path = TutorialViewController.swift; sourceTree = "<group>"; };
		67CD99941E4A77F80009BDFC /* CharacterSelectViewController.swift */ = {isa = PBXFileReference; fileEncoding = 4; lastKnownFileType = sourcecode.swift; path = CharacterSelectViewController.swift; sourceTree = "<group>"; };
		67CD99961E4A78230009BDFC /* CharactersCollectionViewCell.swift */ = {isa = PBXFileReference; fileEncoding = 4; lastKnownFileType = sourcecode.swift; name = CharactersCollectionViewCell.swift; path = ../CharactersCollectionViewCell.swift; sourceTree = "<group>"; };
		67CD99981E4A7A4E0009BDFC /* PotatoGameViewController.swift */ = {isa = PBXFileReference; fileEncoding = 4; lastKnownFileType = sourcecode.swift; path = PotatoGameViewController.swift; sourceTree = "<group>"; };
		B43547411E524F050063F3B5 /* 01.mp3 */ = {isa = PBXFileReference; lastKnownFileType = audio.mp3; path = 01.mp3; sourceTree = "<group>"; };
		B43547421E524F050063F3B5 /* 02.mp3 */ = {isa = PBXFileReference; lastKnownFileType = audio.mp3; path = 02.mp3; sourceTree = "<group>"; };
		B43547431E524F050063F3B5 /* 03.mp3 */ = {isa = PBXFileReference; lastKnownFileType = audio.mp3; path = 03.mp3; sourceTree = "<group>"; };
		B47FDC1E1E4BAA9800C0E026 /* PotatoAddPlayerCollectionViewCell.swift */ = {isa = PBXFileReference; fileEncoding = 4; lastKnownFileType = sourcecode.swift; path = PotatoAddPlayerCollectionViewCell.swift; sourceTree = "<group>"; };
/* End PBXFileReference section */

/* Begin PBXFrameworksBuildPhase section */
		67A1A5AA1E491BF400FAD140 /* Frameworks */ = {
			isa = PBXFrameworksBuildPhase;
			buildActionMask = 2147483647;
			files = (
			);
			runOnlyForDeploymentPostprocessing = 0;
		};
/* End PBXFrameworksBuildPhase section */

/* Begin PBXGroup section */
		67A1A5A41E491BF400FAD140 = {
			isa = PBXGroup;
			children = (
				67A1A5AF1E491BF400FAD140 /* Roomer */,
				67A1A5AE1E491BF400FAD140 /* Products */,
			);
			sourceTree = "<group>";
		};
		67A1A5AE1E491BF400FAD140 /* Products */ = {
			isa = PBXGroup;
			children = (
				67A1A5AD1E491BF400FAD140 /* Roomer.app */,
			);
			name = Products;
			sourceTree = "<group>";
		};
		67A1A5AF1E491BF400FAD140 /* Roomer */ = {
			isa = PBXGroup;
			children = (
				67CD998B1E4A6A1C0009BDFC /* Model */,
				67CD998C1E4A6A210009BDFC /* View */,
				67CD998D1E4A6A260009BDFC /* Controller */,
				67A1A5B01E491BF400FAD140 /* AppDelegate.swift */,
				67A1A5B71E491BF400FAD140 /* Assets.xcassets */,
				67A1A5B91E491BF400FAD140 /* Info.plist */,
				B43547411E524F050063F3B5 /* 01.mp3 */,
				B43547421E524F050063F3B5 /* 02.mp3 */,
				B43547431E524F050063F3B5 /* 03.mp3 */,
			);
			path = Roomer;
			sourceTree = "<group>";
		};
		67CD998B1E4A6A1C0009BDFC /* Model */ = {
			isa = PBXGroup;
			children = (
			);
			name = Model;
			sourceTree = "<group>";
		};
		67CD998C1E4A6A210009BDFC /* View */ = {
			isa = PBXGroup;
			children = (
				67A1A5B41E491BF400FAD140 /* Main.storyboard */,
			);
			name = View;
			sourceTree = "<group>";
		};
		67CD998D1E4A6A260009BDFC /* Controller */ = {
			isa = PBXGroup;
			children = (
				67CD99981E4A7A4E0009BDFC /* PotatoGameViewController.swift */,
				67CD99961E4A78230009BDFC /* CharactersCollectionViewCell.swift */,
				67CD99941E4A77F80009BDFC /* CharacterSelectViewController.swift */,
				67A1A5B21E491BF400FAD140 /* ViewController.swift */,
				67CD998E1E4A6CF30009BDFC /* GamesCollectionViewCell.swift */,
				67CD99901E4A72E80009BDFC /* PotatoViewController.swift */,
				67CD99921E4A74810009BDFC /* TutorialViewController.swift */,
				6757FB161E4BA0C800311526 /* PotatoWinnerViewController.swift */,
				B47FDC1E1E4BAA9800C0E026 /* PotatoAddPlayerCollectionViewCell.swift */,
			);
			name = Controller;
			sourceTree = "<group>";
		};
/* End PBXGroup section */

/* Begin PBXNativeTarget section */
		67A1A5AC1E491BF400FAD140 /* Roomer */ = {
			isa = PBXNativeTarget;
			buildConfigurationList = 67A1A5BC1E491BF400FAD140 /* Build configuration list for PBXNativeTarget "Roomer" */;
			buildPhases = (
				67A1A5A91E491BF400FAD140 /* Sources */,
				67A1A5AA1E491BF400FAD140 /* Frameworks */,
				67A1A5AB1E491BF400FAD140 /* Resources */,
			);
			buildRules = (
			);
			dependencies = (
			);
			name = Roomer;
			productName = Roomer;
			productReference = 67A1A5AD1E491BF400FAD140 /* Roomer.app */;
			productType = "com.apple.product-type.application";
		};
/* End PBXNativeTarget section */

/* Begin PBXProject section */
		67A1A5A51E491BF400FAD140 /* Project object */ = {
			isa = PBXProject;
			attributes = {
				LastSwiftUpdateCheck = 0820;
				LastUpgradeCheck = 0820;
				ORGANIZATIONNAME = teamsug;
				TargetAttributes = {
					67A1A5AC1E491BF400FAD140 = {
						CreatedOnToolsVersion = 8.2.1;
						DevelopmentTeam = 4JBBFZ5VX6;
						ProvisioningStyle = Automatic;
					};
				};
			};
			buildConfigurationList = 67A1A5A81E491BF400FAD140 /* Build configuration list for PBXProject "Roomer" */;
			compatibilityVersion = "Xcode 3.2";
			developmentRegion = English;
			hasScannedForEncodings = 0;
			knownRegions = (
				en,
				Base,
			);
			mainGroup = 67A1A5A41E491BF400FAD140;
			productRefGroup = 67A1A5AE1E491BF400FAD140 /* Products */;
			projectDirPath = "";
			projectRoot = "";
			targets = (
				67A1A5AC1E491BF400FAD140 /* Roomer */,
			);
		};
/* End PBXProject section */

/* Begin PBXResourcesBuildPhase section */
		67A1A5AB1E491BF400FAD140 /* Resources */ = {
			isa = PBXResourcesBuildPhase;
			buildActionMask = 2147483647;
			files = (
				B43547441E524F050063F3B5 /* 01.mp3 in Resources */,
				B43547451E524F050063F3B5 /* 02.mp3 in Resources */,
				67A1A5B81E491BF400FAD140 /* Assets.xcassets in Resources */,
				67A1A5B61E491BF400FAD140 /* Main.storyboard in Resources */,
				B43547461E524F050063F3B5 /* 03.mp3 in Resources */,
			);
			runOnlyForDeploymentPostprocessing = 0;
		};
/* End PBXResourcesBuildPhase section */

/* Begin PBXSourcesBuildPhase section */
		67A1A5A91E491BF400FAD140 /* Sources */ = {
			isa = PBXSourcesBuildPhase;
			buildActionMask = 2147483647;
			files = (
				67CD99971E4A78230009BDFC /* CharactersCollectionViewCell.swift in Sources */,
				67CD99991E4A7A4E0009BDFC /* PotatoGameViewController.swift in Sources */,
				6757FB171E4BA0C800311526 /* PotatoWinnerViewController.swift in Sources */,
				67CD99951E4A77F80009BDFC /* CharacterSelectViewController.swift in Sources */,
				B47FDC1F1E4BAA9800C0E026 /* PotatoAddPlayerCollectionViewCell.swift in Sources */,
				67A1A5B31E491BF400FAD140 /* ViewController.swift in Sources */,
				67CD998F1E4A6CF30009BDFC /* GamesCollectionViewCell.swift in Sources */,
				67CD99931E4A74810009BDFC /* TutorialViewController.swift in Sources */,
				67A1A5B11E491BF400FAD140 /* AppDelegate.swift in Sources */,
				67CD99911E4A72E80009BDFC /* PotatoViewController.swift in Sources */,
			);
			runOnlyForDeploymentPostprocessing = 0;
		};
/* End PBXSourcesBuildPhase section */

/* Begin PBXVariantGroup section */
		67A1A5B41E491BF400FAD140 /* Main.storyboard */ = {
			isa = PBXVariantGroup;
			children = (
				67A1A5B51E491BF400FAD140 /* Base */,
			);
			name = Main.storyboard;
			sourceTree = "<group>";
		};
/* End PBXVariantGroup section */

/* Begin XCBuildConfiguration section */
		67A1A5BA1E491BF400FAD140 /* Debug */ = {
			isa = XCBuildConfiguration;
			buildSettings = {
				ALWAYS_SEARCH_USER_PATHS = NO;
				CLANG_ANALYZER_NONNULL = YES;
				CLANG_CXX_LANGUAGE_STANDARD = "gnu++0x";
				CLANG_CXX_LIBRARY = "libc++";
				CLANG_ENABLE_MODULES = YES;
				CLANG_ENABLE_OBJC_ARC = YES;
				CLANG_WARN_BOOL_CONVERSION = YES;
				CLANG_WARN_CONSTANT_CONVERSION = YES;
				CLANG_WARN_DIRECT_OBJC_ISA_USAGE = YES_ERROR;
				CLANG_WARN_DOCUMENTATION_COMMENTS = YES;
				CLANG_WARN_EMPTY_BODY = YES;
				CLANG_WARN_ENUM_CONVERSION = YES;
				CLANG_WARN_INFINITE_RECURSION = YES;
				CLANG_WARN_INT_CONVERSION = YES;
				CLANG_WARN_OBJC_ROOT_CLASS = YES_ERROR;
				CLANG_WARN_SUSPICIOUS_MOVE = YES;
				CLANG_WARN_UNREACHABLE_CODE = YES;
				CLANG_WARN__DUPLICATE_METHOD_MATCH = YES;
				COPY_PHASE_STRIP = NO;
				DEBUG_INFORMATION_FORMAT = dwarf;
				ENABLE_STRICT_OBJC_MSGSEND = YES;
				ENABLE_TESTABILITY = YES;
				GCC_C_LANGUAGE_STANDARD = gnu99;
				GCC_DYNAMIC_NO_PIC = NO;
				GCC_NO_COMMON_BLOCKS = YES;
				GCC_OPTIMIZATION_LEVEL = 0;
				GCC_PREPROCESSOR_DEFINITIONS = (
					"DEBUG=1",
					"$(inherited)",
				);
				GCC_WARN_64_TO_32_BIT_CONVERSION = YES;
				GCC_WARN_ABOUT_RETURN_TYPE = YES_ERROR;
				GCC_WARN_UNDECLARED_SELECTOR = YES;
				GCC_WARN_UNINITIALIZED_AUTOS = YES_AGGRESSIVE;
				GCC_WARN_UNUSED_FUNCTION = YES;
				GCC_WARN_UNUSED_VARIABLE = YES;
				MTL_ENABLE_DEBUG_INFO = YES;
				ONLY_ACTIVE_ARCH = YES;
				SDKROOT = appletvos;
				SWIFT_ACTIVE_COMPILATION_CONDITIONS = DEBUG;
				SWIFT_OPTIMIZATION_LEVEL = "-Onone";
				TARGETED_DEVICE_FAMILY = 3;
				TVOS_DEPLOYMENT_TARGET = 10.1;
			};
			name = Debug;
		};
		67A1A5BB1E491BF400FAD140 /* Release */ = {
			isa = XCBuildConfiguration;
			buildSettings = {
				ALWAYS_SEARCH_USER_PATHS = NO;
				CLANG_ANALYZER_NONNULL = YES;
				CLANG_CXX_LANGUAGE_STANDARD = "gnu++0x";
				CLANG_CXX_LIBRARY = "libc++";
				CLANG_ENABLE_MODULES = YES;
				CLANG_ENABLE_OBJC_ARC = YES;
				CLANG_WARN_BOOL_CONVERSION = YES;
				CLANG_WARN_CONSTANT_CONVERSION = YES;
				CLANG_WARN_DIRECT_OBJC_ISA_USAGE = YES_ERROR;
				CLANG_WARN_DOCUMENTATION_COMMENTS = YES;
				CLANG_WARN_EMPTY_BODY = YES;
				CLANG_WARN_ENUM_CONVERSION = YES;
				CLANG_WARN_INFINITE_RECURSION = YES;
				CLANG_WARN_INT_CONVERSION = YES;
				CLANG_WARN_OBJC_ROOT_CLASS = YES_ERROR;
				CLANG_WARN_SUSPICIOUS_MOVE = YES;
				CLANG_WARN_UNREACHABLE_CODE = YES;
				CLANG_WARN__DUPLICATE_METHOD_MATCH = YES;
				COPY_PHASE_STRIP = NO;
				DEBUG_INFORMATION_FORMAT = "dwarf-with-dsym";
				ENABLE_NS_ASSERTIONS = NO;
				ENABLE_STRICT_OBJC_MSGSEND = YES;
				GCC_C_LANGUAGE_STANDARD = gnu99;
				GCC_NO_COMMON_BLOCKS = YES;
				GCC_WARN_64_TO_32_BIT_CONVERSION = YES;
				GCC_WARN_ABOUT_RETURN_TYPE = YES_ERROR;
				GCC_WARN_UNDECLARED_SELECTOR = YES;
				GCC_WARN_UNINITIALIZED_AUTOS = YES_AGGRESSIVE;
				GCC_WARN_UNUSED_FUNCTION = YES;
				GCC_WARN_UNUSED_VARIABLE = YES;
				MTL_ENABLE_DEBUG_INFO = NO;
				SDKROOT = appletvos;
				SWIFT_OPTIMIZATION_LEVEL = "-Owholemodule";
				TARGETED_DEVICE_FAMILY = 3;
				TVOS_DEPLOYMENT_TARGET = 10.1;
				VALIDATE_PRODUCT = YES;
			};
			name = Release;
		};
		67A1A5BD1E491BF400FAD140 /* Debug */ = {
			isa = XCBuildConfiguration;
			buildSettings = {
				ASSETCATALOG_COMPILER_APPICON_NAME = "App Icon & Top Shelf Image";
				ASSETCATALOG_COMPILER_LAUNCHIMAGE_NAME = LaunchImage;
				DEVELOPMENT_TEAM = 4JBBFZ5VX6;
				INFOPLIST_FILE = Roomer/Info.plist;
				LD_RUNPATH_SEARCH_PATHS = "$(inherited) @executable_path/Frameworks";
				PRODUCT_BUNDLE_IDENTIFIER = br.teamsug.com.Roomer;
				PRODUCT_NAME = "$(TARGET_NAME)";
				SWIFT_VERSION = 3.0;
			};
			name = Debug;
		};
		67A1A5BE1E491BF400FAD140 /* Release */ = {
			isa = XCBuildConfiguration;
			buildSettings = {
				ASSETCATALOG_COMPILER_APPICON_NAME = "App Icon & Top Shelf Image";
				ASSETCATALOG_COMPILER_LAUNCHIMAGE_NAME = LaunchImage;
				DEVELOPMENT_TEAM = 4JBBFZ5VX6;
				INFOPLIST_FILE = Roomer/Info.plist;
				LD_RUNPATH_SEARCH_PATHS = "$(inherited) @executable_path/Frameworks";
				PRODUCT_BUNDLE_IDENTIFIER = br.teamsug.com.Roomer;
				PRODUCT_NAME = "$(TARGET_NAME)";
				SWIFT_VERSION = 3.0;
			};
			name = Release;
		};
/* End XCBuildConfiguration section */

/* Begin XCConfigurationList section */
		67A1A5A81E491BF400FAD140 /* Build configuration list for PBXProject "Roomer" */ = {
			isa = XCConfigurationList;
			buildConfigurations = (
				67A1A5BA1E491BF400FAD140 /* Debug */,
				67A1A5BB1E491BF400FAD140 /* Release */,
			);
			defaultConfigurationIsVisible = 0;
			defaultConfigurationName = Release;
		};
		67A1A5BC1E491BF400FAD140 /* Build configuration list for PBXNativeTarget "Roomer" */ = {
			isa = XCConfigurationList;
			buildConfigurations = (
				67A1A5BD1E491BF400FAD140 /* Debug */,
				67A1A5BE1E491BF400FAD140 /* Release */,
			);
			defaultConfigurationIsVisible = 0;
			defaultConfigurationName = Release;
		};
/* End XCConfigurationList section */
	};
	rootObject = 67A1A5A51E491BF400FAD140 /* Project object */;
}
